
Microsoft Visual Studio Solution File, Format Version 12.00
# Visual Studio Version 17
VisualStudioVersion = 17.8.34525.116
MinimumVisualStudioVersion = 10.0.40219.1
Project("{FAE04EC0-301F-11D3-BF4B-00C04F79EFBC}") = "StudentPortal", "StudentPortal\StudentPortal.csproj", "{BD3F3185-6F0D-465C-8051-231753933388}"
EndProject
Global
	GlobalSection(SolutionConfigurationPlatforms) = preSolution
		Debug|Any CPU = Debug|Any CPU
		Release|Any CPU = Release|Any CPU
	EndGlobalSection
	GlobalSection(ProjectConfigurationPlatforms) = postSolution
		{BD3F3185-6F0D-465C-8051-231753933388}.Debug|Any CPU.ActiveCfg = Debug|Any CPU
		{BD3F3185-6F0D-465C-8051-231753933388}.Debug|Any CPU.Build.0 = Debug|Any CPU
		{BD3F3185-6F0D-465C-8051-231753933388}.Release|Any CPU.ActiveCfg = Release|Any CPU
		{BD3F3185-6F0D-465C-8051-231753933388}.Release|Any CPU.Build.0 = Release|Any CPU
	EndGlobalSection
	GlobalSection(SolutionProperties) = preSolution
		HideSolutionNode = FALSE
	EndGlobalSection
	GlobalSection(ExtensibilityGlobals) = postSolution
		SolutionGuid = {4620940C-FB63-4BA0-BE48-F3449C0243D4}
	EndGlobalSection
EndGlobal
